# @generated by Move, please check-in and do not edit manually.

[move]
version = 3
manifest_digest = "2EA1C225D5A3A55915343B5EC7DD9290E12B9C3AD24614DA6646651178A1C474"
deps_digest = "F8BBB0CCB2491CA29A3DF03D6F92277A4F3574266507ACD77214D37ECA3F3082"
dependencies = [
  { id = "Sui", name = "Sui" },
]

[[move.package]]
id = "MoveStdlib"
source = { git = "https://github.com/MystenLabs/sui.git", rev = "86fa6e86b62a6984b741bab9c6440adff9aec669", subdir = "crates/sui-framework/packages/move-stdlib" }

[[move.package]]
id = "Sui"
source = { git = "https://github.com/MystenLabs/sui.git", rev = "86fa6e86b62a6984b741bab9c6440adff9aec669", subdir = "crates/sui-framework/packages/sui-framework" }

dependencies = [
  { id = "MoveStdlib", name = "MoveStdlib" },
]

[move.toolchain-version]
compiler-version = "1.35.1"
edition = "2024.beta"
flavor = "sui"

[env]

[env.testnet2]
chain-id = "4c78adac"
original-published-id = "0x509b09fb8d4c6bdddbf398fdd4a505386d0bf94560c1a52700820cc78a7e5b86"
latest-published-id = "0x509b09fb8d4c6bdddbf398fdd4a505386d0bf94560c1a52700820cc78a7e5b86"
published-version = "1"

[env.mainnet]
chain-id = "35834a8a"
original-published-id = "0x957633c1fd294857390f99dda23524eee7d8bb1671acd7e0c05aaeba38dc98f4"
latest-published-id = "0x957633c1fd294857390f99dda23524eee7d8bb1671acd7e0c05aaeba38dc98f4"
published-version = "1"
