# @generated by Move, please check-in and do not edit manually.

[move]
version = 3
manifest_digest = "B3C63C9BAB588BC3897385DDB36968A6EC3EB981935E4311747C6215987D3852"
deps_digest = "3C4103934B1E040BB6B23F1D610B4EF9F2F1166A50A104EADCF77467C004C600"
dependencies = [
  { id = "Sui", name = "Sui" },
  { id = "switchboard", name = "switchboard" },
]

[[move.package]]
id = "MoveStdlib"
source = { git = "https://github.com/MystenLabs/sui.git", rev = "framework/mainnet", subdir = "crates/sui-framework/packages/move-stdlib" }

[[move.package]]
id = "Sui"
source = { git = "https://github.com/MystenLabs/sui.git", rev = "framework/mainnet", subdir = "crates/sui-framework/packages/sui-framework" }

dependencies = [
  { id = "MoveStdlib", name = "MoveStdlib" },
]

[[move.package]]
id = "switchboard"
source = { git = "https://github.com/switchboard-xyz/sbv3.git", rev = "52aadd5e2dabb3b93408830ac492d1e772608358", subdir = "chains/sui/on_demand" }

dependencies = [
  { id = "Sui", name = "Sui" },
]

[move.toolchain-version]
compiler-version = "1.35.1"
edition = "legacy"
flavor = "sui"

[env]

[env.mainnet]
chain-id = "35834a8a"
original-published-id = "0x998707680e2a071b04a195fae093b59e674c88645bd1de44c903edab1c3a1969"
latest-published-id = "0x998707680e2a071b04a195fae093b59e674c88645bd1de44c903edab1c3a1969"
published-version = "1"
