# @generated by Move, please check-in and do not edit manually.

[move]
version = 3
manifest_digest = "577B48CD4D5BD560B041492CC2A8E07D76214F7E44EA498BF73F5227D66DF887"
deps_digest = "3C4103934B1E040BB6B23F1D610B4EF9F2F1166A50A104EADCF77467C004C600"
dependencies = [
  { id = "Sui", name = "Sui" },
  { id = "switchboard", name = "switchboard" },
]

[[move.package]]
id = "MoveStdlib"
source = { git = "https://github.com/MystenLabs/sui.git", rev = "86fa6e86b62a6984b741bab9c6440adff9aec669", subdir = "crates/sui-framework/packages/move-stdlib" }

[[move.package]]
id = "Sui"
source = { git = "https://github.com/MystenLabs/sui.git", rev = "86fa6e86b62a6984b741bab9c6440adff9aec669", subdir = "crates/sui-framework/packages/sui-framework" }

dependencies = [
  { id = "MoveStdlib", name = "MoveStdlib" },
]

[[move.package]]
id = "switchboard"
source = { git = "https://github.com/switchboard-xyz/sbv3.git", rev = "52aadd5e2dabb3b93408830ac492d1e772608358", subdir = "chains/sui/on_demand" }

dependencies = [
  { id = "Sui", name = "Sui" },
]

[move.toolchain-version]
compiler-version = "1.35.1"
edition = "2024.beta"
flavor = "sui"

[env]

[env.mainnet]
chain-id = "35834a8a"
original-published-id = "0xaff454f567e502d4a0504298e55d1e5215bd15bc1614569e06e3f17884bfe05c"
latest-published-id = "0xaff454f567e502d4a0504298e55d1e5215bd15bc1614569e06e3f17884bfe05c"
published-version = "1"
